
Microsoft Visual Studio Solution File, Format Version 12.00
# Visual Studio Version 17
VisualStudioVersion = 17.11.35303.130
MinimumVisualStudioVersion = 10.0.40219.1
Project("{FAE04EC0-301F-11D3-BF4B-00C04F79EFBC}") = "CSharpConcept", "CSharpConcept\CSharpConcept.csproj", "{615CBFA0-3F52-4459-B1C2-BD115456C575}"
EndProject
Project("{FAE04EC0-301F-11D3-BF4B-00C04F79EFBC}") = "CSharpConcept2", "CSharpConcept2\CSharpConcept2.csproj", "{5EAFBF25-E80E-498A-8223-42CCAF49D635}"
EndProject
Project("{FAE04EC0-301F-11D3-BF4B-00C04F79EFBC}") = "EmployeeDashboard", "EmployeeDashboard\EmployeeDashboard.csproj", "{E3784C4E-B009-491D-B54A-FEE32DAEA240}"
EndProject
Project("{FAE04EC0-301F-11D3-BF4B-00C04F79EFBC}") = "SeleniumConcept1", "SeleniumConcept1\SeleniumConcept1.csproj", "{977FEF1C-FB09-4CC7-BDC4-8EE6A88E4EA1}"
EndProject
Project("{FAE04EC0-301F-11D3-BF4B-00C04F79EFBC}") = "SeleniumConcept2", "SeleniumConcept2\SeleniumConcept2.csproj", "{DB0B8B7A-D9F8-4961-89DD-C7D37EFACFD9}"
EndProject
Global
	GlobalSection(SolutionConfigurationPlatforms) = preSolution
		Debug|Any CPU = Debug|Any CPU
		Release|Any CPU = Release|Any CPU
	EndGlobalSection
	GlobalSection(ProjectConfigurationPlatforms) = postSolution
		{615CBFA0-3F52-4459-B1C2-BD115456C575}.Debug|Any CPU.ActiveCfg = Debug|Any CPU
		{615CBFA0-3F52-4459-B1C2-BD115456C575}.Debug|Any CPU.Build.0 = Debug|Any CPU
		{615CBFA0-3F52-4459-B1C2-BD115456C575}.Release|Any CPU.ActiveCfg = Release|Any CPU
		{615CBFA0-3F52-4459-B1C2-BD115456C575}.Release|Any CPU.Build.0 = Release|Any CPU
		{5EAFBF25-E80E-498A-8223-42CCAF49D635}.Debug|Any CPU.ActiveCfg = Debug|Any CPU
		{5EAFBF25-E80E-498A-8223-42CCAF49D635}.Debug|Any CPU.Build.0 = Debug|Any CPU
		{5EAFBF25-E80E-498A-8223-42CCAF49D635}.Release|Any CPU.ActiveCfg = Release|Any CPU
		{5EAFBF25-E80E-498A-8223-42CCAF49D635}.Release|Any CPU.Build.0 = Release|Any CPU
		{E3784C4E-B009-491D-B54A-FEE32DAEA240}.Debug|Any CPU.ActiveCfg = Debug|Any CPU
		{E3784C4E-B009-491D-B54A-FEE32DAEA240}.Debug|Any CPU.Build.0 = Debug|Any CPU
		{E3784C4E-B009-491D-B54A-FEE32DAEA240}.Release|Any CPU.ActiveCfg = Release|Any CPU
		{E3784C4E-B009-491D-B54A-FEE32DAEA240}.Release|Any CPU.Build.0 = Release|Any CPU
		{977FEF1C-FB09-4CC7-BDC4-8EE6A88E4EA1}.Debug|Any CPU.ActiveCfg = Debug|Any CPU
		{977FEF1C-FB09-4CC7-BDC4-8EE6A88E4EA1}.Debug|Any CPU.Build.0 = Debug|Any CPU
		{977FEF1C-FB09-4CC7-BDC4-8EE6A88E4EA1}.Release|Any CPU.ActiveCfg = Release|Any CPU
		{977FEF1C-FB09-4CC7-BDC4-8EE6A88E4EA1}.Release|Any CPU.Build.0 = Release|Any CPU
		{DB0B8B7A-D9F8-4961-89DD-C7D37EFACFD9}.Debug|Any CPU.ActiveCfg = Debug|Any CPU
		{DB0B8B7A-D9F8-4961-89DD-C7D37EFACFD9}.Debug|Any CPU.Build.0 = Debug|Any CPU
		{DB0B8B7A-D9F8-4961-89DD-C7D37EFACFD9}.Release|Any CPU.ActiveCfg = Release|Any CPU
		{DB0B8B7A-D9F8-4961-89DD-C7D37EFACFD9}.Release|Any CPU.Build.0 = Release|Any CPU
	EndGlobalSection
	GlobalSection(SolutionProperties) = preSolution
		HideSolutionNode = FALSE
	EndGlobalSection
	GlobalSection(ExtensibilityGlobals) = postSolution
		SolutionGuid = {21173333-DAD0-4566-84F9-B0DB0702B713}
	EndGlobalSection
EndGlobal
